
Microsoft Visual Studio Solution File, Format Version 12.00
# Visual Studio Version 17
VisualStudioVersion = 17.8.34322.80
MinimumVisualStudioVersion = 10.0.40219.1
Project("{9A19103F-16F7-4668-BE54-9A1E7A4F7556}") = "CursorCoordinateTracker", "CursorCoordinateTracker\CursorCoordinateTracker.csproj", "{FDA2674F-8AB7-49AB-9693-E8DA2E24F1A1}"
EndProject
Project("{2150E333-8FDC-42A3-9474-1A3956D46DE8}") = ".build", ".build", "{294CD280-BA5D-42A7-910D-6C96433417D1}"
	ProjectSection(SolutionItems) = preProject
		..\build\AzurePipeline.yaml = ..\build\AzurePipeline.yaml
	EndProjectSection
EndProject
Project("{2150E333-8FDC-42A3-9474-1A3956D46DE8}") = ".github", ".github", "{61640856-75DF-45B6-9D0D-0EA8ACFC947E}"
	ProjectSection(SolutionItems) = preProject
		..\.gitignore = ..\.gitignore
		..\LICENSE = ..\LICENSE
		..\README.md = ..\README.md
	EndProjectSection
EndProject
Global
	GlobalSection(SolutionConfigurationPlatforms) = preSolution
		Debug|Any CPU = Debug|Any CPU
		Release|Any CPU = Release|Any CPU
	EndGlobalSection
	GlobalSection(ProjectConfigurationPlatforms) = postSolution
		{FDA2674F-8AB7-49AB-9693-E8DA2E24F1A1}.Debug|Any CPU.ActiveCfg = Debug|Any CPU
		{FDA2674F-8AB7-49AB-9693-E8DA2E24F1A1}.Debug|Any CPU.Build.0 = Debug|Any CPU
		{FDA2674F-8AB7-49AB-9693-E8DA2E24F1A1}.Release|Any CPU.ActiveCfg = Release|Any CPU
		{FDA2674F-8AB7-49AB-9693-E8DA2E24F1A1}.Release|Any CPU.Build.0 = Release|Any CPU
	EndGlobalSection
	GlobalSection(SolutionProperties) = preSolution
		HideSolutionNode = FALSE
	EndGlobalSection
	GlobalSection(ExtensibilityGlobals) = postSolution
		SolutionGuid = {D5553780-4B89-45E0-8D15-E904538F1B0A}
	EndGlobalSection
EndGlobal
